// !$*UTF8*$!
{
	archiveVersion = 1;
	classes = {
	};
	objectVersion = 46;
	objects = {

/* Begin PBXBuildFile section */
		24C14BEA19CFA8E60067F386 /* AppDelegate.swift in Sources */ = {isa = PBXBuildFile; fileRef = 24C14BE919CFA8E60067F386 /* AppDelegate.swift */; };
		24C14BEC19CFA8E60067F386 /* ViewController.swift in Sources */ = {isa = PBXBuildFile; fileRef = 24C14BEB19CFA8E60067F386 /* ViewController.swift */; };
		24C14BEF19CFA8E60067F386 /* Main.storyboard in Resources */ = {isa = PBXBuildFile; fileRef = 24C14BED19CFA8E60067F386 /* Main.storyboard */; };
		24C14BF119CFA8E60067F386 /* Images.xcassets in Resources */ = {isa = PBXBuildFile; fileRef = 24C14BF019CFA8E60067F386 /* Images.xcassets */; };
		24C14BFD19CFA8E60067F386 /* DemoTests.swift in Sources */ = {isa = PBXBuildFile; fileRef = 24C14BFC19CFA8E60067F386 /* DemoTests.swift */; };
/* End PBXBuildFile section */

/* Begin PBXContainerItemProxy section */
		24C14BF719CFA8E60067F386 /* PBXContainerItemProxy */ = {
			isa = PBXContainerItemProxy;
			containerPortal = 24C14BDC19CFA8E60067F386 /* Project object */;
			proxyType = 1;
			remoteGlobalIDString = 24C14BE319CFA8E60067F386;
			remoteInfo = Demo;
		};
/* End PBXContainerItemProxy section */

/* Begin PBXFileReference section */
		24C14BE419CFA8E60067F386 /* Demo.app */ = {isa = PBXFileReference; explicitFileType = wrapper.application; includeInIndex = 0; path = Demo.app; sourceTree = BUILT_PRODUCTS_DIR; };
		24C14BE819CFA8E60067F386 /* Info.plist */ = {isa = PBXFileReference; lastKnownFileType = text.plist.xml; path = Info.plist; sourceTree = "<group>"; };
		24C14BE919CFA8E60067F386 /* AppDelegate.swift */ = {isa = PBXFileReference; lastKnownFileType = sourcecode.swift; path = AppDelegate.swift; sourceTree = "<group>"; };
		24C14BEB19CFA8E60067F386 /* ViewController.swift */ = {isa = PBXFileReference; lastKnownFileType = sourcecode.swift; path = ViewController.swift; sourceTree = "<group>"; };
		24C14BEE19CFA8E60067F386 /* Base */ = {isa = PBXFileReference; lastKnownFileType = file.storyboard; name = Base; path = Base.lproj/Main.storyboard; sourceTree = "<group>"; };
		24C14BF019CFA8E60067F386 /* Images.xcassets */ = {isa = PBXFileReference; lastKnownFileType = folder.assetcatalog; path = Images.xcassets; sourceTree = "<group>"; };
		24C14BF619CFA8E60067F386 /* DemoTests.xctest */ = {isa = PBXFileReference; explicitFileType = wrapper.cfbundle; includeInIndex = 0; path = DemoTests.xctest; sourceTree = BUILT_PRODUCTS_DIR; };
		24C14BFB19CFA8E60067F386 /* Info.plist */ = {isa = PBXFileReference; lastKnownFileType = text.plist.xml; path = Info.plist; sourceTree = "<group>"; };
		24C14BFC19CFA8E60067F386 /* DemoTests.swift */ = {isa = PBXFileReference; lastKnownFileType = sourcecode.swift; path = DemoTests.swift; sourceTree = "<group>"; };
/* End PBXFileReference section */

/* Begin PBXFrameworksBuildPhase section */
		24C14BE119CFA8E60067F386 /* Frameworks */ = {
			isa = PBXFrameworksBuildPhase;
			buildActionMask = 2147483647;
			files = (
			);
			runOnlyForDeploymentPostprocessing = 0;
		};
		24C14BF319CFA8E60067F386 /* Frameworks */ = {
			isa = PBXFrameworksBuildPhase;
			buildActionMask = 2147483647;
			files = (
			);
			runOnlyForDeploymentPostprocessing = 0;
		};
/* End PBXFrameworksBuildPhase section */

/* Begin PBXGroup section */
		24C14BDB19CFA8E60067F386 = {
			isa = PBXGroup;
			children = (
				24C14BE619CFA8E60067F386 /* Demo */,
				24C14BF919CFA8E60067F386 /* DemoTests */,
				24C14BE519CFA8E60067F386 /* Products */,
			);
			sourceTree = "<group>";
		};
		24C14BE519CFA8E60067F386 /* Products */ = {
			isa = PBXGroup;
			children = (
				24C14BE419CFA8E60067F386 /* Demo.app */,
				24C14BF619CFA8E60067F386 /* DemoTests.xctest */,
			);
			name = Products;
			sourceTree = "<group>";
		};
		24C14BE619CFA8E60067F386 /* Demo */ = {
			isa = PBXGroup;
			children = (
				24C14BE919CFA8E60067F386 /* AppDelegate.swift */,
				24C14BEB19CFA8E60067F386 /* ViewController.swift */,
				24C14BED19CFA8E60067F386 /* Main.storyboard */,
				24C14BF019CFA8E60067F386 /* Images.xcassets */,
				24C14BE719CFA8E60067F386 /* Supporting Files */,
			);
			path = Demo;
			sourceTree = "<group>";
		};
		24C14BE719CFA8E60067F386 /* Supporting Files */ = {
			isa = PBXGroup;
			children = (
				24C14BE819CFA8E60067F386 /* Info.plist */,
			);
			name = "Supporting Files";
			sourceTree = "<group>";
		};
		24C14BF919CFA8E60067F386 /* DemoTests */ = {
			isa = PBXGroup;
			children = (
				24C14BFC19CFA8E60067F386 /* DemoTests.swift */,
				24C14BFA19CFA8E60067F386 /* Supporting Files */,
			);
			path = DemoTests;
			sourceTree = "<group>";
		};
		24C14BFA19CFA8E60067F386 /* Supporting Files */ = {
			isa = PBXGroup;
			children = (
				24C14BFB19CFA8E60067F386 /* Info.plist */,
			);
			name = "Supporting Files";
			sourceTree = "<group>";
		};
/* End PBXGroup section */

/* Begin PBXNativeTarget section */
		24C14BE319CFA8E60067F386 /* Demo */ = {
			isa = PBXNativeTarget;
			buildConfigurationList = 24C14C0019CFA8E60067F386 /* Build configuration list for PBXNativeTarget "Demo" */;
			buildPhases = (
				24C14BE019CFA8E60067F386 /* Sources */,
				24C14BE119CFA8E60067F386 /* Frameworks */,
				24C14BE219CFA8E60067F386 /* Resources */,
			);
			buildRules = (
			);
			dependencies = (
			);
			name = Demo;
			productName = Demo;
			productReference = 24C14BE419CFA8E60067F386 /* Demo.app */;
			productType = "com.apple.product-type.application";
		};
		24C14BF519CFA8E60067F386 /* DemoTests */ = {
			isa = PBXNativeTarget;
			buildConfigurationList = 24C14C0319CFA8E60067F386 /* Build configuration list for PBXNativeTarget "DemoTests" */;
			buildPhases = (
				24C14BF219CFA8E60067F386 /* Sources */,
				24C14BF319CFA8E60067F386 /* Frameworks */,
				24C14BF419CFA8E60067F386 /* Resources */,
			);
			buildRules = (
			);
			dependencies = (
				24C14BF819CFA8E60067F386 /* PBXTargetDependency */,
			);
			name = DemoTests;
			productName = DemoTests;
			productReference = 24C14BF619CFA8E60067F386 /* DemoTests.xctest */;
			productType = "com.apple.product-type.bundle.unit-test";
		};
/* End PBXNativeTarget section */

/* Begin PBXProject section */
		24C14BDC19CFA8E60067F386 /* Project object */ = {
			isa = PBXProject;
			attributes = {
				LastUpgradeCheck = 0600;
				ORGANIZATIONNAME = Camille;
				TargetAttributes = {
					24C14BE319CFA8E60067F386 = {
						CreatedOnToolsVersion = 6.0;
					};
					24C14BF519CFA8E60067F386 = {
						CreatedOnToolsVersion = 6.0;
						TestTargetID = 24C14BE319CFA8E60067F386;
					};
				};
			};
			buildConfigurationList = 24C14BDF19CFA8E60067F386 /* Build configuration list for PBXProject "Demo" */;
			compatibilityVersion = "Xcode 3.2";
			developmentRegion = English;
			hasScannedForEncodings = 0;
			knownRegions = (
				en,
				Base,
			);
			mainGroup = 24C14BDB19CFA8E60067F386;
			productRefGroup = 24C14BE519CFA8E60067F386 /* Products */;
			projectDirPath = "";
			projectRoot = "";
			targets = (
				24C14BE319CFA8E60067F386 /* Demo */,
				24C14BF519CFA8E60067F386 /* DemoTests */,
			);
		};
/* End PBXProject section */

/* Begin PBXResourcesBuildPhase section */
		24C14BE219CFA8E60067F386 /* Resources */ = {
			isa = PBXResourcesBuildPhase;
			buildActionMask = 2147483647;
			files = (
				24C14BEF19CFA8E60067F386 /* Main.storyboard in Resources */,
				24C14BF119CFA8E60067F386 /* Images.xcassets in Resources */,
			);
			runOnlyForDeploymentPostprocessing = 0;
		};
		24C14BF419CFA8E60067F386 /* Resources */ = {
			isa = PBXResourcesBuildPhase;
			buildActionMask = 2147483647;
			files = (
			);
			runOnlyForDeploymentPostprocessing = 0;
		};
/* End PBXResourcesBuildPhase section */

/* Begin PBXSourcesBuildPhase section */
		24C14BE019CFA8E60067F386 /* Sources */ = {
			isa = PBXSourcesBuildPhase;
			buildActionMask = 2147483647;
			files = (
				24C14BEC19CFA8E60067F386 /* ViewController.swift in Sources */,
				24C14BEA19CFA8E60067F386 /* AppDelegate.swift in Sources */,
			);
			runOnlyForDeploymentPostprocessing = 0;
		};
		24C14BF219CFA8E60067F386 /* Sources */ = {
			isa = PBXSourcesBuildPhase;
			buildActionMask = 2147483647;
			files = (
				24C14BFD19CFA8E60067F386 /* DemoTests.swift in Sources */,
			);
			runOnlyForDeploymentPostprocessing = 0;
		};
/* End PBXSourcesBuildPhase section */

/* Begin PBXTargetDependency section */
		24C14BF819CFA8E60067F386 /* PBXTargetDependency */ = {
			isa = PBXTargetDependency;
			target = 24C14BE319CFA8E60067F386 /* Demo */;
			targetProxy = 24C14BF719CFA8E60067F386 /* PBXContainerItemProxy */;
		};
/* End PBXTargetDependency section */

/* Begin PBXVariantGroup section */
		24C14BED19CFA8E60067F386 /* Main.storyboard */ = {
			isa = PBXVariantGroup;
			children = (
				24C14BEE19CFA8E60067F386 /* Base */,
			);
			name = Main.storyboard;
			sourceTree = "<group>";
		};
/* End PBXVariantGroup section */

/* Begin XCBuildConfiguration section */
		24C14BFE19CFA8E60067F386 /* Debug */ = {
			isa = XCBuildConfiguration;
			buildSettings = {
				ALWAYS_SEARCH_USER_PATHS = NO;
				CLANG_CXX_LANGUAGE_STANDARD = "gnu++0x";
				CLANG_CXX_LIBRARY = "libc++";
				CLANG_ENABLE_MODULES = YES;
				CLANG_ENABLE_OBJC_ARC = YES;
				CLANG_WARN_BOOL_CONVERSION = YES;
				CLANG_WARN_CONSTANT_CONVERSION = YES;
				CLANG_WARN_DIRECT_OBJC_ISA_USAGE = YES_ERROR;
				CLANG_WARN_EMPTY_BODY = YES;
				CLANG_WARN_ENUM_CONVERSION = YES;
				CLANG_WARN_INT_CONVERSION = YES;
				CLANG_WARN_OBJC_ROOT_CLASS = YES_ERROR;
				CLANG_WARN_UNREACHABLE_CODE = YES;
				CLANG_WARN__DUPLICATE_METHOD_MATCH = YES;
				"CODE_SIGN_IDENTITY[sdk=iphoneos*]" = "iPhone Developer";
				COPY_PHASE_STRIP = NO;
				ENABLE_STRICT_OBJC_MSGSEND = YES;
				GCC_C_LANGUAGE_STANDARD = gnu99;
				GCC_DYNAMIC_NO_PIC = NO;
				GCC_OPTIMIZATION_LEVEL = 0;
				GCC_PREPROCESSOR_DEFINITIONS = (
					"DEBUG=1",
					"$(inherited)",
				);
				GCC_SYMBOLS_PRIVATE_EXTERN = NO;
				GCC_WARN_64_TO_32_BIT_CONVERSION = YES;
				GCC_WARN_ABOUT_RETURN_TYPE = YES_ERROR;
				GCC_WARN_UNDECLARED_SELECTOR = YES;
				GCC_WARN_UNINITIALIZED_AUTOS = YES_AGGRESSIVE;
				GCC_WARN_UNUSED_FUNCTION = YES;
				GCC_WARN_UNUSED_VARIABLE = YES;
				IPHONEOS_DEPLOYMENT_TARGET = 8.0;
				MTL_ENABLE_DEBUG_INFO = YES;
				ONLY_ACTIVE_ARCH = YES;
				SDKROOT = iphoneos;
				SWIFT_OPTIMIZATION_LEVEL = "-Onone";
			};
			name = Debug;
		};
		24C14BFF19CFA8E60067F386 /* Release */ = {
			isa = XCBuildConfiguration;
			buildSettings = {
				ALWAYS_SEARCH_USER_PATHS = NO;
				CLANG_CXX_LANGUAGE_STANDARD = "gnu++0x";
				CLANG_CXX_LIBRARY = "libc++";
				CLANG_ENABLE_MODULES = YES;
				CLANG_ENABLE_OBJC_ARC = YES;
				CLANG_WARN_BOOL_CONVERSION = YES;
				CLANG_WARN_CONSTANT_CONVERSION = YES;
				CLANG_WARN_DIRECT_OBJC_ISA_USAGE = YES_ERROR;
				CLANG_WARN_EMPTY_BODY = YES;
				CLANG_WARN_ENUM_CONVERSION = YES;
				CLANG_WARN_INT_CONVERSION = YES;
				CLANG_WARN_OBJC_ROOT_CLASS = YES_ERROR;
				CLANG_WARN_UNREACHABLE_CODE = YES;
				CLANG_WARN__DUPLICATE_METHOD_MATCH = YES;
				"CODE_SIGN_IDENTITY[sdk=iphoneos*]" = "iPhone Developer";
				COPY_PHASE_STRIP = YES;
				ENABLE_NS_ASSERTIONS = NO;
				ENABLE_STRICT_OBJC_MSGSEND = YES;
				GCC_C_LANGUAGE_STANDARD = gnu99;
				GCC_WARN_64_TO_32_BIT_CONVERSION = YES;
				GCC_WARN_ABOUT_RETURN_TYPE = YES_ERROR;
				GCC_WARN_UNDECLARED_SELECTOR = YES;
				GCC_WARN_UNINITIALIZED_AUTOS = YES_AGGRESSIVE;
				GCC_WARN_UNUSED_FUNCTION = YES;
				GCC_WARN_UNUSED_VARIABLE = YES;
				IPHONEOS_DEPLOYMENT_TARGET = 8.0;
				MTL_ENABLE_DEBUG_INFO = NO;
				SDKROOT = iphoneos;
				VALIDATE_PRODUCT = YES;
			};
			name = Release;
		};
		24C14C0119CFA8E60067F386 /* Debug */ = {
			isa = XCBuildConfiguration;
			buildSettings = {
				ASSETCATALOG_COMPILER_APPICON_NAME = AppIcon;
				ASSETCATALOG_COMPILER_LAUNCHIMAGE_NAME = LaunchImage;
				INFOPLIST_FILE = Demo/Info.plist;
				LD_RUNPATH_SEARCH_PATHS = "$(inherited) @executable_path/Frameworks";
				PRODUCT_NAME = "$(TARGET_NAME)";
			};
			name = Debug;
		};
		24C14C0219CFA8E60067F386 /* Release */ = {
			isa = XCBuildConfiguration;
			buildSettings = {
				ASSETCATALOG_COMPILER_APPICON_NAME = AppIcon;
				ASSETCATALOG_COMPILER_LAUNCHIMAGE_NAME = LaunchImage;
				INFOPLIST_FILE = Demo/Info.plist;
				LD_RUNPATH_SEARCH_PATHS = "$(inherited) @executable_path/Frameworks";
				PRODUCT_NAME = "$(TARGET_NAME)";
			};
			name = Release;
		};
		24C14C0419CFA8E60067F386 /* Debug */ = {
			isa = XCBuildConfiguration;
			buildSettings = {
				BUNDLE_LOADER = "$(TEST_HOST)";
				FRAMEWORK_SEARCH_PATHS = (
					"$(SDKROOT)/Developer/Library/Frameworks",
					"$(inherited)",
				);
				GCC_PREPROCESSOR_DEFINITIONS = (
					"DEBUG=1",
					"$(inherited)",
				);
				INFOPLIST_FILE = DemoTests/Info.plist;
				LD_RUNPATH_SEARCH_PATHS = "$(inherited) @executable_path/Frameworks @loader_path/Frameworks";
				PRODUCT_NAME = "$(TARGET_NAME)";
				TEST_HOST = "$(BUILT_PRODUCTS_DIR)/Demo.app/Demo";
			};
			name = Debug;
		};
		24C14C0519CFA8E60067F386 /* Release */ = {
			isa = XCBuildConfiguration;
			buildSettings = {
				BUNDLE_LOADER = "$(TEST_HOST)";
				FRAMEWORK_SEARCH_PATHS = (
					"$(SDKROOT)/Developer/Library/Frameworks",
					"$(inherited)",
				);
				INFOPLIST_FILE = DemoTests/Info.plist;
				LD_RUNPATH_SEARCH_PATHS = "$(inherited) @executable_path/Frameworks @loader_path/Frameworks";
				PRODUCT_NAME = "$(TARGET_NAME)";
				TEST_HOST = "$(BUILT_PRODUCTS_DIR)/Demo.app/Demo";
			};
			name = Release;
		};
/* End XCBuildConfiguration section */

/* Begin XCConfigurationList section */
		24C14BDF19CFA8E60067F386 /* Build configuration list for PBXProject "Demo" */ = {
			isa = XCConfigurationList;
			buildConfigurations = (
				24C14BFE19CFA8E60067F386 /* Debug */,
				24C14BFF19CFA8E60067F386 /* Release */,
			);
			defaultConfigurationIsVisible = 0;
			defaultConfigurationName = Release;
		};
		24C14C0019CFA8E60067F386 /* Build configuration list for PBXNativeTarget "Demo" */ = {
			isa = XCConfigurationList;
			buildConfigurations = (
				24C14C0119CFA8E60067F386 /* Debug */,
				24C14C0219CFA8E60067F386 /* Release */,
			);
			defaultConfigurationIsVisible = 0;
		};
		24C14C0319CFA8E60067F386 /* Build configuration list for PBXNativeTarget "DemoTests" */ = {
			isa = XCConfigurationList;
			buildConfigurations = (
				24C14C0419CFA8E60067F386 /* Debug */,
				24C14C0519CFA8E60067F386 /* Release */,
			);
			defaultConfigurationIsVisible = 0;
		};
/* End XCConfigurationList section */
	};
	rootObject = 24C14BDC19CFA8E60067F386 /* Project object */;
}
